Microsoft Visual Studio Solution File, Format Version 12.00
# Visual Studio Version 17
VisualStudioVersion = 17.5.2.0
MinimumVisualStudioVersion = 10.0.40219.1
Project("{FAE04EC0-301F-11D3-BF4B-00C04F79EFBC}") = "KickRateServer", "KickRateServer.csproj", "{C3CBA324-F0E0-23B0-D6B4-A96280DBCD3D}"
EndProject
Global
	GlobalSection(SolutionConfigurationPlatforms) = preSolution
		Debug|Any CPU = Debug|Any CPU
		Release|Any CPU = Release|Any CPU
	EndGlobalSection
	GlobalSection(ProjectConfigurationPlatforms) = postSolution
		{C3CBA324-F0E0-23B0-D6B4-A96280DBCD3D}.Debug|Any CPU.ActiveCfg = Debug|Any CPU
		{C3CBA324-F0E0-23B0-D6B4-A96280DBCD3D}.Debug|Any CPU.Build.0 = Debug|Any CPU
		{C3CBA324-F0E0-23B0-D6B4-A96280DBCD3D}.Release|Any CPU.ActiveCfg = Release|Any CPU
		{C3CBA324-F0E0-23B0-D6B4-A96280DBCD3D}.Release|Any CPU.Build.0 = Release|Any CPU
	EndGlobalSection
	GlobalSection(SolutionProperties) = preSolution
		HideSolutionNode = FALSE
	EndGlobalSection
	GlobalSection(ExtensibilityGlobals) = postSolution
		SolutionGuid = {F8A13557-DD3C-44C1-A831-D440937A9CE1}
	EndGlobalSection
EndGlobal
